
Microsoft Visual Studio Solution File, Format Version 12.00
# Visual Studio Version 17
VisualStudioVersion = 17.3.32901.215
MinimumVisualStudioVersion = 10.0.40219.1
Project("{FAE04EC0-301F-11D3-BF4B-00C04F79EFBC}") = "RESTful Web Service", "RESTful Web Service\RESTful Web Service.csproj", "{F6D29A2A-BE50-4474-B8F5-155317873E91}"
EndProject
Project("{FAE04EC0-301F-11D3-BF4B-00C04F79EFBC}") = "Tests", "Tests\Tests.csproj", "{8019D872-5DCE-422A-8E7D-98364C07BCFA}"
EndProject
Global
	GlobalSection(SolutionConfigurationPlatforms) = preSolution
		Debug|Any CPU = Debug|Any CPU
		Release|Any CPU = Release|Any CPU
	EndGlobalSection
	GlobalSection(ProjectConfigurationPlatforms) = postSolution
		{F6D29A2A-BE50-4474-B8F5-155317873E91}.Debug|Any CPU.ActiveCfg = Debug|Any CPU
		{F6D29A2A-BE50-4474-B8F5-155317873E91}.Debug|Any CPU.Build.0 = Debug|Any CPU
		{F6D29A2A-BE50-4474-B8F5-155317873E91}.Release|Any CPU.ActiveCfg = Release|Any CPU
		{F6D29A2A-BE50-4474-B8F5-155317873E91}.Release|Any CPU.Build.0 = Release|Any CPU
		{8019D872-5DCE-422A-8E7D-98364C07BCFA}.Debug|Any CPU.ActiveCfg = Debug|Any CPU
		{8019D872-5DCE-422A-8E7D-98364C07BCFA}.Debug|Any CPU.Build.0 = Debug|Any CPU
		{8019D872-5DCE-422A-8E7D-98364C07BCFA}.Release|Any CPU.ActiveCfg = Release|Any CPU
		{8019D872-5DCE-422A-8E7D-98364C07BCFA}.Release|Any CPU.Build.0 = Release|Any CPU
	EndGlobalSection
	GlobalSection(SolutionProperties) = preSolution
		HideSolutionNode = FALSE
	EndGlobalSection
	GlobalSection(ExtensibilityGlobals) = postSolution
		SolutionGuid = {87BC3FBA-134F-4D58-91C7-DEF4E0A5F24D}
	EndGlobalSection
EndGlobal
